// !$*UTF8*$!
{
	archiveVersion = 1;
	classes = {
	};
	objectVersion = 50;
	objects = {

/* Begin PBXBuildFile section */
		60E56C8C25BAF9F500C5CA38 /* AppDelegate.swift in Sources */ = {isa = PBXBuildFile; fileRef = 60E56C8B25BAF9F500C5CA38 /* AppDelegate.swift */; };
		60E56C8E25BAF9F500C5CA38 /* SceneDelegate.swift in Sources */ = {isa = PBXBuildFile; fileRef = 60E56C8D25BAF9F500C5CA38 /* SceneDelegate.swift */; };
		60E56C9025BAF9F500C5CA38 /* ContentView.swift in Sources */ = {isa = PBXBuildFile; fileRef = 60E56C8F25BAF9F500C5CA38 /* ContentView.swift */; };
		60E56C9225BAF9F800C5CA38 /* Assets.xcassets in Resources */ = {isa = PBXBuildFile; fileRef = 60E56C9125BAF9F800C5CA38 /* Assets.xcassets */; };
		60E56C9525BAF9F800C5CA38 /* Preview Assets.xcassets in Resources */ = {isa = PBXBuildFile; fileRef = 60E56C9425BAF9F800C5CA38 /* Preview Assets.xcassets */; };
		60E56C9825BAF9F800C5CA38 /* LaunchScreen.storyboard in Resources */ = {isa = PBXBuildFile; fileRef = 60E56C9625BAF9F800C5CA38 /* LaunchScreen.storyboard */; };
		60E56CA325BAF9F800C5CA38 /* AnimationNavDemoTests.swift in Sources */ = {isa = PBXBuildFile; fileRef = 60E56CA225BAF9F800C5CA38 /* AnimationNavDemoTests.swift */; };
		60E56CAE25BAF9F800C5CA38 /* AnimationNavDemoUITests.swift in Sources */ = {isa = PBXBuildFile; fileRef = 60E56CAD25BAF9F800C5CA38 /* AnimationNavDemoUITests.swift */; };
/* End PBXBuildFile section */

/* Begin PBXContainerItemProxy section */
		60E56C9F25BAF9F800C5CA38 /* PBXContainerItemProxy */ = {
			isa = PBXContainerItemProxy;
			containerPortal = 60E56C8025BAF9F500C5CA38 /* Project object */;
			proxyType = 1;
			remoteGlobalIDString = 60E56C8725BAF9F500C5CA38;
			remoteInfo = AnimationNavDemo;
		};
		60E56CAA25BAF9F800C5CA38 /* PBXContainerItemProxy */ = {
			isa = PBXContainerItemProxy;
			containerPortal = 60E56C8025BAF9F500C5CA38 /* Project object */;
			proxyType = 1;
			remoteGlobalIDString = 60E56C8725BAF9F500C5CA38;
			remoteInfo = AnimationNavDemo;
		};
/* End PBXContainerItemProxy section */

/* Begin PBXFileReference section */
		60E56C8825BAF9F500C5CA38 /* AnimationNavDemo.app */ = {isa = PBXFileReference; explicitFileType = wrapper.application; includeInIndex = 0; path = AnimationNavDemo.app; sourceTree = BUILT_PRODUCTS_DIR; };
		60E56C8B25BAF9F500C5CA38 /* AppDelegate.swift */ = {isa = PBXFileReference; lastKnownFileType = sourcecode.swift; path = AppDelegate.swift; sourceTree = "<group>"; };
		60E56C8D25BAF9F500C5CA38 /* SceneDelegate.swift */ = {isa = PBXFileReference; lastKnownFileType = sourcecode.swift; path = SceneDelegate.swift; sourceTree = "<group>"; };
		60E56C8F25BAF9F500C5CA38 /* ContentView.swift */ = {isa = PBXFileReference; lastKnownFileType = sourcecode.swift; path = ContentView.swift; sourceTree = "<group>"; };
		60E56C9125BAF9F800C5CA38 /* Assets.xcassets */ = {isa = PBXFileReference; lastKnownFileType = folder.assetcatalog; path = Assets.xcassets; sourceTree = "<group>"; };
		60E56C9425BAF9F800C5CA38 /* Preview Assets.xcassets */ = {isa = PBXFileReference; lastKnownFileType = folder.assetcatalog; path = "Preview Assets.xcassets"; sourceTree = "<group>"; };
		60E56C9725BAF9F800C5CA38 /* Base */ = {isa = PBXFileReference; lastKnownFileType = file.storyboard; name = Base; path = Base.lproj/LaunchScreen.storyboard; sourceTree = "<group>"; };
		60E56C9925BAF9F800C5CA38 /* Info.plist */ = {isa = PBXFileReference; lastKnownFileType = text.plist.xml; path = Info.plist; sourceTree = "<group>"; };
		60E56C9E25BAF9F800C5CA38 /* AnimationNavDemoTests.xctest */ = {isa = PBXFileReference; explicitFileType = wrapper.cfbundle; includeInIndex = 0; path = AnimationNavDemoTests.xctest; sourceTree = BUILT_PRODUCTS_DIR; };
		60E56CA225BAF9F800C5CA38 /* AnimationNavDemoTests.swift */ = {isa = PBXFileReference; lastKnownFileType = sourcecode.swift; path = AnimationNavDemoTests.swift; sourceTree = "<group>"; };
		60E56CA425BAF9F800C5CA38 /* Info.plist */ = {isa = PBXFileReference; lastKnownFileType = text.plist.xml; path = Info.plist; sourceTree = "<group>"; };
		60E56CA925BAF9F800C5CA38 /* AnimationNavDemoUITests.xctest */ = {isa = PBXFileReference; explicitFileType = wrapper.cfbundle; includeInIndex = 0; path = AnimationNavDemoUITests.xctest; sourceTree = BUILT_PRODUCTS_DIR; };
		60E56CAD25BAF9F800C5CA38 /* AnimationNavDemoUITests.swift */ = {isa = PBXFileReference; lastKnownFileType = sourcecode.swift; path = AnimationNavDemoUITests.swift; sourceTree = "<group>"; };
		60E56CAF25BAF9F800C5CA38 /* Info.plist */ = {isa = PBXFileReference; lastKnownFileType = text.plist.xml; path = Info.plist; sourceTree = "<group>"; };
/* End PBXFileReference section */

/* Begin PBXFrameworksBuildPhase section */
		60E56C8525BAF9F500C5CA38 /* Frameworks */ = {
			isa = PBXFrameworksBuildPhase;
			buildActionMask = 2147483647;
			files = (
			);
			runOnlyForDeploymentPostprocessing = 0;
		};
		60E56C9B25BAF9F800C5CA38 /* Frameworks */ = {
			isa = PBXFrameworksBuildPhase;
			buildActionMask = 2147483647;
			files = (
			);
			runOnlyForDeploymentPostprocessing = 0;
		};
		60E56CA625BAF9F800C5CA38 /* Frameworks */ = {
			isa = PBXFrameworksBuildPhase;
			buildActionMask = 2147483647;
			files = (
			);
			runOnlyForDeploymentPostprocessing = 0;
		};
/* End PBXFrameworksBuildPhase section */

/* Begin PBXGroup section */
		60E56C7F25BAF9F500C5CA38 = {
			isa = PBXGroup;
			children = (
				60E56C8A25BAF9F500C5CA38 /* AnimationNavDemo */,
				60E56CA125BAF9F800C5CA38 /* AnimationNavDemoTests */,
				60E56CAC25BAF9F800C5CA38 /* AnimationNavDemoUITests */,
				60E56C8925BAF9F500C5CA38 /* Products */,
			);
			sourceTree = "<group>";
		};
		60E56C8925BAF9F500C5CA38 /* Products */ = {
			isa = PBXGroup;
			children = (
				60E56C8825BAF9F500C5CA38 /* AnimationNavDemo.app */,
				60E56C9E25BAF9F800C5CA38 /* AnimationNavDemoTests.xctest */,
				60E56CA925BAF9F800C5CA38 /* AnimationNavDemoUITests.xctest */,
			);
			name = Products;
			sourceTree = "<group>";
		};
		60E56C8A25BAF9F500C5CA38 /* AnimationNavDemo */ = {
			isa = PBXGroup;
			children = (
				60E56C8B25BAF9F500C5CA38 /* AppDelegate.swift */,
				60E56C8D25BAF9F500C5CA38 /* SceneDelegate.swift */,
				60E56C8F25BAF9F500C5CA38 /* ContentView.swift */,
				60E56C9125BAF9F800C5CA38 /* Assets.xcassets */,
				60E56C9625BAF9F800C5CA38 /* LaunchScreen.storyboard */,
				60E56C9925BAF9F800C5CA38 /* Info.plist */,
				60E56C9325BAF9F800C5CA38 /* Preview Content */,
			);
			path = AnimationNavDemo;
			sourceTree = "<group>";
		};
		60E56C9325BAF9F800C5CA38 /* Preview Content */ = {
			isa = PBXGroup;
			children = (
				60E56C9425BAF9F800C5CA38 /* Preview Assets.xcassets */,
			);
			path = "Preview Content";
			sourceTree = "<group>";
		};
		60E56CA125BAF9F800C5CA38 /* AnimationNavDemoTests */ = {
			isa = PBXGroup;
			children = (
				60E56CA225BAF9F800C5CA38 /* AnimationNavDemoTests.swift */,
				60E56CA425BAF9F800C5CA38 /* Info.plist */,
			);
			path = AnimationNavDemoTests;
			sourceTree = "<group>";
		};
		60E56CAC25BAF9F800C5CA38 /* AnimationNavDemoUITests */ = {
			isa = PBXGroup;
			children = (
				60E56CAD25BAF9F800C5CA38 /* AnimationNavDemoUITests.swift */,
				60E56CAF25BAF9F800C5CA38 /* Info.plist */,
			);
			path = AnimationNavDemoUITests;
			sourceTree = "<group>";
		};
/* End PBXGroup section */

/* Begin PBXNativeTarget section */
		60E56C8725BAF9F500C5CA38 /* AnimationNavDemo */ = {
			isa = PBXNativeTarget;
			buildConfigurationList = 60E56CB225BAF9F900C5CA38 /* Build configuration list for PBXNativeTarget "AnimationNavDemo" */;
			buildPhases = (
				60E56C8425BAF9F500C5CA38 /* Sources */,
				60E56C8525BAF9F500C5CA38 /* Frameworks */,
				60E56C8625BAF9F500C5CA38 /* Resources */,
			);
			buildRules = (
			);
			dependencies = (
			);
			name = AnimationNavDemo;
			productName = AnimationNavDemo;
			productReference = 60E56C8825BAF9F500C5CA38 /* AnimationNavDemo.app */;
			productType = "com.apple.product-type.application";
		};
		60E56C9D25BAF9F800C5CA38 /* AnimationNavDemoTests */ = {
			isa = PBXNativeTarget;
			buildConfigurationList = 60E56CB525BAF9F900C5CA38 /* Build configuration list for PBXNativeTarget "AnimationNavDemoTests" */;
			buildPhases = (
				60E56C9A25BAF9F800C5CA38 /* Sources */,
				60E56C9B25BAF9F800C5CA38 /* Frameworks */,
				60E56C9C25BAF9F800C5CA38 /* Resources */,
			);
			buildRules = (
			);
			dependencies = (
				60E56CA025BAF9F800C5CA38 /* PBXTargetDependency */,
			);
			name = AnimationNavDemoTests;
			productName = AnimationNavDemoTests;
			productReference = 60E56C9E25BAF9F800C5CA38 /* AnimationNavDemoTests.xctest */;
			productType = "com.apple.product-type.bundle.unit-test";
		};
		60E56CA825BAF9F800C5CA38 /* AnimationNavDemoUITests */ = {
			isa = PBXNativeTarget;
			buildConfigurationList = 60E56CB825BAF9F900C5CA38 /* Build configuration list for PBXNativeTarget "AnimationNavDemoUITests" */;
			buildPhases = (
				60E56CA525BAF9F800C5CA38 /* Sources */,
				60E56CA625BAF9F800C5CA38 /* Frameworks */,
				60E56CA725BAF9F800C5CA38 /* Resources */,
			);
			buildRules = (
			);
			dependencies = (
				60E56CAB25BAF9F800C5CA38 /* PBXTargetDependency */,
			);
			name = AnimationNavDemoUITests;
			productName = AnimationNavDemoUITests;
			productReference = 60E56CA925BAF9F800C5CA38 /* AnimationNavDemoUITests.xctest */;
			productType = "com.apple.product-type.bundle.ui-testing";
		};
/* End PBXNativeTarget section */

/* Begin PBXProject section */
		60E56C8025BAF9F500C5CA38 /* Project object */ = {
			isa = PBXProject;
			attributes = {
				LastSwiftUpdateCheck = 1210;
				LastUpgradeCheck = 1210;
				TargetAttributes = {
					60E56C8725BAF9F500C5CA38 = {
						CreatedOnToolsVersion = 12.1;
					};
					60E56C9D25BAF9F800C5CA38 = {
						CreatedOnToolsVersion = 12.1;
						TestTargetID = 60E56C8725BAF9F500C5CA38;
					};
					60E56CA825BAF9F800C5CA38 = {
						CreatedOnToolsVersion = 12.1;
						TestTargetID = 60E56C8725BAF9F500C5CA38;
					};
				};
			};
			buildConfigurationList = 60E56C8325BAF9F500C5CA38 /* Build configuration list for PBXProject "AnimationNavDemo" */;
			compatibilityVersion = "Xcode 9.3";
			developmentRegion = en;
			hasScannedForEncodings = 0;
			knownRegions = (
				en,
				Base,
			);
			mainGroup = 60E56C7F25BAF9F500C5CA38;
			productRefGroup = 60E56C8925BAF9F500C5CA38 /* Products */;
			projectDirPath = "";
			projectRoot = "";
			targets = (
				60E56C8725BAF9F500C5CA38 /* AnimationNavDemo */,
				60E56C9D25BAF9F800C5CA38 /* AnimationNavDemoTests */,
				60E56CA825BAF9F800C5CA38 /* AnimationNavDemoUITests */,
			);
		};
/* End PBXProject section */

/* Begin PBXResourcesBuildPhase section */
		60E56C8625BAF9F500C5CA38 /* Resources */ = {
			isa = PBXResourcesBuildPhase;
			buildActionMask = 2147483647;
			files = (
				60E56C9825BAF9F800C5CA38 /* LaunchScreen.storyboard in Resources */,
				60E56C9525BAF9F800C5CA38 /* Preview Assets.xcassets in Resources */,
				60E56C9225BAF9F800C5CA38 /* Assets.xcassets in Resources */,
			);
			runOnlyForDeploymentPostprocessing = 0;
		};
		60E56C9C25BAF9F800C5CA38 /* Resources */ = {
			isa = PBXResourcesBuildPhase;
			buildActionMask = 2147483647;
			files = (
			);
			runOnlyForDeploymentPostprocessing = 0;
		};
		60E56CA725BAF9F800C5CA38 /* Resources */ = {
			isa = PBXResourcesBuildPhase;
			buildActionMask = 2147483647;
			files = (
			);
			runOnlyForDeploymentPostprocessing = 0;
		};
/* End PBXResourcesBuildPhase section */

/* Begin PBXSourcesBuildPhase section */
		60E56C8425BAF9F500C5CA38 /* Sources */ = {
			isa = PBXSourcesBuildPhase;
			buildActionMask = 2147483647;
			files = (
				60E56C8C25BAF9F500C5CA38 /* AppDelegate.swift in Sources */,
				60E56C8E25BAF9F500C5CA38 /* SceneDelegate.swift in Sources */,
				60E56C9025BAF9F500C5CA38 /* ContentView.swift in Sources */,
			);
			runOnlyForDeploymentPostprocessing = 0;
		};
		60E56C9A25BAF9F800C5CA38 /* Sources */ = {
			isa = PBXSourcesBuildPhase;
			buildActionMask = 2147483647;
			files = (
				60E56CA325BAF9F800C5CA38 /* AnimationNavDemoTests.swift in Sources */,
			);
			runOnlyForDeploymentPostprocessing = 0;
		};
		60E56CA525BAF9F800C5CA38 /* Sources */ = {
			isa = PBXSourcesBuildPhase;
			buildActionMask = 2147483647;
			files = (
				60E56CAE25BAF9F800C5CA38 /* AnimationNavDemoUITests.swift in Sources */,
			);
			runOnlyForDeploymentPostprocessing = 0;
		};
/* End PBXSourcesBuildPhase section */

/* Begin PBXTargetDependency section */
		60E56CA025BAF9F800C5CA38 /* PBXTargetDependency */ = {
			isa = PBXTargetDependency;
			target = 60E56C8725BAF9F500C5CA38 /* AnimationNavDemo */;
			targetProxy = 60E56C9F25BAF9F800C5CA38 /* PBXContainerItemProxy */;
		};
		60E56CAB25BAF9F800C5CA38 /* PBXTargetDependency */ = {
			isa = PBXTargetDependency;
			target = 60E56C8725BAF9F500C5CA38 /* AnimationNavDemo */;
			targetProxy = 60E56CAA25BAF9F800C5CA38 /* PBXContainerItemProxy */;
		};
/* End PBXTargetDependency section */

/* Begin PBXVariantGroup section */
		60E56C9625BAF9F800C5CA38 /* LaunchScreen.storyboard */ = {
			isa = PBXVariantGroup;
			children = (
				60E56C9725BAF9F800C5CA38 /* Base */,
			);
			name = LaunchScreen.storyboard;
			sourceTree = "<group>";
		};
/* End PBXVariantGroup section */

/* Begin XCBuildConfiguration section */
		60E56CB025BAF9F900C5CA38 /* Debug */ = {
			isa = XCBuildConfiguration;
			buildSettings = {
				ALWAYS_SEARCH_USER_PATHS = NO;
				CLANG_ANALYZER_NONNULL = YES;
				CLANG_ANALYZER_NUMBER_OBJECT_CONVERSION = YES_AGGRESSIVE;
				CLANG_CXX_LANGUAGE_STANDARD = "gnu++14";
				CLANG_CXX_LIBRARY = "libc++";
				CLANG_ENABLE_MODULES = YES;
				CLANG_ENABLE_OBJC_ARC = YES;
				CLANG_ENABLE_OBJC_WEAK = YES;
				CLANG_WARN_BLOCK_CAPTURE_AUTORELEASING = YES;
				CLANG_WARN_BOOL_CONVERSION = YES;
				CLANG_WARN_COMMA = YES;
				CLANG_WARN_CONSTANT_CONVERSION = YES;
				CLANG_WARN_DEPRECATED_OBJC_IMPLEMENTATIONS = YES;
				CLANG_WARN_DIRECT_OBJC_ISA_USAGE = YES_ERROR;
				CLANG_WARN_DOCUMENTATION_COMMENTS = YES;
				CLANG_WARN_EMPTY_BODY = YES;
				CLANG_WARN_ENUM_CONVERSION = YES;
				CLANG_WARN_INFINITE_RECURSION = YES;
				CLANG_WARN_INT_CONVERSION = YES;
				CLANG_WARN_NON_LITERAL_NULL_CONVERSION = YES;
				CLANG_WARN_OBJC_IMPLICIT_RETAIN_SELF = YES;
				CLANG_WARN_OBJC_LITERAL_CONVERSION = YES;
				CLANG_WARN_OBJC_ROOT_CLASS = YES_ERROR;
				CLANG_WARN_QUOTED_INCLUDE_IN_FRAMEWORK_HEADER = YES;
				CLANG_WARN_RANGE_LOOP_ANALYSIS = YES;
				CLANG_WARN_STRICT_PROTOTYPES = YES;
				CLANG_WARN_SUSPICIOUS_MOVE = YES;
				CLANG_WARN_UNGUARDED_AVAILABILITY = YES_AGGRESSIVE;
				CLANG_WARN_UNREACHABLE_CODE = YES;
				CLANG_WARN__DUPLICATE_METHOD_MATCH = YES;
				COPY_PHASE_STRIP = NO;
				DEBUG_INFORMATION_FORMAT = dwarf;
				ENABLE_STRICT_OBJC_MSGSEND = YES;
				ENABLE_TESTABILITY = YES;
				GCC_C_LANGUAGE_STANDARD = gnu11;
				GCC_DYNAMIC_NO_PIC = NO;
				GCC_NO_COMMON_BLOCKS = YES;
				GCC_OPTIMIZATION_LEVEL = 0;
				GCC_PREPROCESSOR_DEFINITIONS = (
					"DEBUG=1",
					"$(inherited)",
				);
				GCC_WARN_64_TO_32_BIT_CONVERSION = YES;
				GCC_WARN_ABOUT_RETURN_TYPE = YES_ERROR;
				GCC_WARN_UNDECLARED_SELECTOR = YES;
				GCC_WARN_UNINITIALIZED_AUTOS = YES_AGGRESSIVE;
				GCC_WARN_UNUSED_FUNCTION = YES;
				GCC_WARN_UNUSED_VARIABLE = YES;
				IPHONEOS_DEPLOYMENT_TARGET = 14.1;
				MTL_ENABLE_DEBUG_INFO = INCLUDE_SOURCE;
				MTL_FAST_MATH = YES;
				ONLY_ACTIVE_ARCH = YES;
				SDKROOT = iphoneos;
				SWIFT_ACTIVE_COMPILATION_CONDITIONS = DEBUG;
				SWIFT_OPTIMIZATION_LEVEL = "-Onone";
			};
			name = Debug;
		};
		60E56CB125BAF9F900C5CA38 /* Release */ = {
			isa = XCBuildConfiguration;
			buildSettings = {
				ALWAYS_SEARCH_USER_PATHS = NO;
				CLANG_ANALYZER_NONNULL = YES;
				CLANG_ANALYZER_NUMBER_OBJECT_CONVERSION = YES_AGGRESSIVE;
				CLANG_CXX_LANGUAGE_STANDARD = "gnu++14";
				CLANG_CXX_LIBRARY = "libc++";
				CLANG_ENABLE_MODULES = YES;
				CLANG_ENABLE_OBJC_ARC = YES;
				CLANG_ENABLE_OBJC_WEAK = YES;
				CLANG_WARN_BLOCK_CAPTURE_AUTORELEASING = YES;
				CLANG_WARN_BOOL_CONVERSION = YES;
				CLANG_WARN_COMMA = YES;
				CLANG_WARN_CONSTANT_CONVERSION = YES;
				CLANG_WARN_DEPRECATED_OBJC_IMPLEMENTATIONS = YES;
				CLANG_WARN_DIRECT_OBJC_ISA_USAGE = YES_ERROR;
				CLANG_WARN_DOCUMENTATION_COMMENTS = YES;
				CLANG_WARN_EMPTY_BODY = YES;
				CLANG_WARN_ENUM_CONVERSION = YES;
				CLANG_WARN_INFINITE_RECURSION = YES;
				CLANG_WARN_INT_CONVERSION = YES;
				CLANG_WARN_NON_LITERAL_NULL_CONVERSION = YES;
				CLANG_WARN_OBJC_IMPLICIT_RETAIN_SELF = YES;
				CLANG_WARN_OBJC_LITERAL_CONVERSION = YES;
				CLANG_WARN_OBJC_ROOT_CLASS = YES_ERROR;
				CLANG_WARN_QUOTED_INCLUDE_IN_FRAMEWORK_HEADER = YES;
				CLANG_WARN_RANGE_LOOP_ANALYSIS = YES;
				CLANG_WARN_STRICT_PROTOTYPES = YES;
				CLANG_WARN_SUSPICIOUS_MOVE = YES;
				CLANG_WARN_UNGUARDED_AVAILABILITY = YES_AGGRESSIVE;
				CLANG_WARN_UNREACHABLE_CODE = YES;
				CLANG_WARN__DUPLICATE_METHOD_MATCH = YES;
				COPY_PHASE_STRIP = NO;
				DEBUG_INFORMATION_FORMAT = "dwarf-with-dsym";
				ENABLE_NS_ASSERTIONS = NO;
				ENABLE_STRICT_OBJC_MSGSEND = YES;
				GCC_C_LANGUAGE_STANDARD = gnu11;
				GCC_NO_COMMON_BLOCKS = YES;
				GCC_WARN_64_TO_32_BIT_CONVERSION = YES;
				GCC_WARN_ABOUT_RETURN_TYPE = YES_ERROR;
				GCC_WARN_UNDECLARED_SELECTOR = YES;
				GCC_WARN_UNINITIALIZED_AUTOS = YES_AGGRESSIVE;
				GCC_WARN_UNUSED_FUNCTION = YES;
				GCC_WARN_UNUSED_VARIABLE = YES;
				IPHONEOS_DEPLOYMENT_TARGET = 14.1;
				MTL_ENABLE_DEBUG_INFO = NO;
				MTL_FAST_MATH = YES;
				SDKROOT = iphoneos;
				SWIFT_COMPILATION_MODE = wholemodule;
				SWIFT_OPTIMIZATION_LEVEL = "-O";
				VALIDATE_PRODUCT = YES;
			};
			name = Release;
		};
		60E56CB325BAF9F900C5CA38 /* Debug */ = {
			isa = XCBuildConfiguration;
			buildSettings = {
				ASSETCATALOG_COMPILER_APPICON_NAME = AppIcon;
				ASSETCATALOG_COMPILER_GLOBAL_ACCENT_COLOR_NAME = AccentColor;
				CODE_SIGN_STYLE = Automatic;
				DEVELOPMENT_ASSET_PATHS = "\"AnimationNavDemo/Preview Content\"";
				DEVELOPMENT_TEAM = DD73F8592Z;
				ENABLE_PREVIEWS = YES;
				INFOPLIST_FILE = AnimationNavDemo/Info.plist;
				LD_RUNPATH_SEARCH_PATHS = (
					"$(inherited)",
					"@executable_path/Frameworks",
				);
				PRODUCT_BUNDLE_IDENTIFIER = knoxpo.AnimationNavDemo;
				PRODUCT_NAME = "$(TARGET_NAME)";
				SWIFT_VERSION = 5.0;
				TARGETED_DEVICE_FAMILY = "1,2";
			};
			name = Debug;
		};
		60E56CB425BAF9F900C5CA38 /* Release */ = {
			isa = XCBuildConfiguration;
			buildSettings = {
				ASSETCATALOG_COMPILER_APPICON_NAME = AppIcon;
				ASSETCATALOG_COMPILER_GLOBAL_ACCENT_COLOR_NAME = AccentColor;
				CODE_SIGN_STYLE = Automatic;
				DEVELOPMENT_ASSET_PATHS = "\"AnimationNavDemo/Preview Content\"";
				DEVELOPMENT_TEAM = DD73F8592Z;
				ENABLE_PREVIEWS = YES;
				INFOPLIST_FILE = AnimationNavDemo/Info.plist;
				LD_RUNPATH_SEARCH_PATHS = (
					"$(inherited)",
					"@executable_path/Frameworks",
				);
				PRODUCT_BUNDLE_IDENTIFIER = knoxpo.AnimationNavDemo;
				PRODUCT_NAME = "$(TARGET_NAME)";
				SWIFT_VERSION = 5.0;
				TARGETED_DEVICE_FAMILY = "1,2";
			};
			name = Release;
		};
		60E56CB625BAF9F900C5CA38 /* Debug */ = {
			isa = XCBuildConfiguration;
			buildSettings = {
				ALWAYS_EMBED_SWIFT_STANDARD_LIBRARIES = YES;
				BUNDLE_LOADER = "$(TEST_HOST)";
				CODE_SIGN_STYLE = Automatic;
				DEVELOPMENT_TEAM = DD73F8592Z;
				INFOPLIST_FILE = AnimationNavDemoTests/Info.plist;
				IPHONEOS_DEPLOYMENT_TARGET = 14.1;
				LD_RUNPATH_SEARCH_PATHS = (
					"$(inherited)",
					"@executable_path/Frameworks",
					"@loader_path/Frameworks",
				);
				PRODUCT_BUNDLE_IDENTIFIER = knoxpo.AnimationNavDemoTests;
				PRODUCT_NAME = "$(TARGET_NAME)";
				SWIFT_VERSION = 5.0;
				TARGETED_DEVICE_FAMILY = "1,2";
				TEST_HOST = "$(BUILT_PRODUCTS_DIR)/AnimationNavDemo.app/AnimationNavDemo";
			};
			name = Debug;
		};
		60E56CB725BAF9F900C5CA38 /* Release */ = {
			isa = XCBuildConfiguration;
			buildSettings = {
				ALWAYS_EMBED_SWIFT_STANDARD_LIBRARIES = YES;
				BUNDLE_LOADER = "$(TEST_HOST)";
				CODE_SIGN_STYLE = Automatic;
				DEVELOPMENT_TEAM = DD73F8592Z;
				INFOPLIST_FILE = AnimationNavDemoTests/Info.plist;
				IPHONEOS_DEPLOYMENT_TARGET = 14.1;
				LD_RUNPATH_SEARCH_PATHS = (
					"$(inherited)",
					"@executable_path/Frameworks",
					"@loader_path/Frameworks",
				);
				PRODUCT_BUNDLE_IDENTIFIER = knoxpo.AnimationNavDemoTests;
				PRODUCT_NAME = "$(TARGET_NAME)";
				SWIFT_VERSION = 5.0;
				TARGETED_DEVICE_FAMILY = "1,2";
				TEST_HOST = "$(BUILT_PRODUCTS_DIR)/AnimationNavDemo.app/AnimationNavDemo";
			};
			name = Release;
		};
		60E56CB925BAF9F900C5CA38 /* Debug */ = {
			isa = XCBuildConfiguration;
			buildSettings = {
				ALWAYS_EMBED_SWIFT_STANDARD_LIBRARIES = YES;
				CODE_SIGN_STYLE = Automatic;
				DEVELOPMENT_TEAM = DD73F8592Z;
				INFOPLIST_FILE = AnimationNavDemoUITests/Info.plist;
				LD_RUNPATH_SEARCH_PATHS = (
					"$(inherited)",
					"@executable_path/Frameworks",
					"@loader_path/Frameworks",
				);
				PRODUCT_BUNDLE_IDENTIFIER = knoxpo.AnimationNavDemoUITests;
				PRODUCT_NAME = "$(TARGET_NAME)";
				SWIFT_VERSION = 5.0;
				TARGETED_DEVICE_FAMILY = "1,2";
				TEST_TARGET_NAME = AnimationNavDemo;
			};
			name = Debug;
		};
		60E56CBA25BAF9F900C5CA38 /* Release */ = {
			isa = XCBuildConfiguration;
			buildSettings = {
				ALWAYS_EMBED_SWIFT_STANDARD_LIBRARIES = YES;
				CODE_SIGN_STYLE = Automatic;
				DEVELOPMENT_TEAM = DD73F8592Z;
				INFOPLIST_FILE = AnimationNavDemoUITests/Info.plist;
				LD_RUNPATH_SEARCH_PATHS = (
					"$(inherited)",
					"@executable_path/Frameworks",
					"@loader_path/Frameworks",
				);
				PRODUCT_BUNDLE_IDENTIFIER = knoxpo.AnimationNavDemoUITests;
				PRODUCT_NAME = "$(TARGET_NAME)";
				SWIFT_VERSION = 5.0;
				TARGETED_DEVICE_FAMILY = "1,2";
				TEST_TARGET_NAME = AnimationNavDemo;
			};
			name = Release;
		};
/* End XCBuildConfiguration section */

/* Begin XCConfigurationList section */
		60E56C8325BAF9F500C5CA38 /* Build configuration list for PBXProject "AnimationNavDemo" */ = {
			isa = XCConfigurationList;
			buildConfigurations = (
				60E56CB025BAF9F900C5CA38 /* Debug */,
				60E56CB125BAF9F900C5CA38 /* Release */,
			);
			defaultConfigurationIsVisible = 0;
			defaultConfigurationName = Release;
		};
		60E56CB225BAF9F900C5CA38 /* Build configuration list for PBXNativeTarget "AnimationNavDemo" */ = {
			isa = XCConfigurationList;
			buildConfigurations = (
				60E56CB325BAF9F900C5CA38 /* Debug */,
				60E56CB425BAF9F900C5CA38 /* Release */,
			);
			defaultConfigurationIsVisible = 0;
			defaultConfigurationName = Release;
		};
		60E56CB525BAF9F900C5CA38 /* Build configuration list for PBXNativeTarget "AnimationNavDemoTests" */ = {
			isa = XCConfigurationList;
			buildConfigurations = (
				60E56CB625BAF9F900C5CA38 /* Debug */,
				60E56CB725BAF9F900C5CA38 /* Release */,
			);
			defaultConfigurationIsVisible = 0;
			defaultConfigurationName = Release;
		};
		60E56CB825BAF9F900C5CA38 /* Build configuration list for PBXNativeTarget "AnimationNavDemoUITests" */ = {
			isa = XCConfigurationList;
			buildConfigurations = (
				60E56CB925BAF9F900C5CA38 /* Debug */,
				60E56CBA25BAF9F900C5CA38 /* Release */,
			);
			defaultConfigurationIsVisible = 0;
			defaultConfigurationName = Release;
		};
/* End XCConfigurationList section */
	};
	rootObject = 60E56C8025BAF9F500C5CA38 /* Project object */;
}
